# THIS IS AN AUTOGENERATED FILE. DO NOT EDIT THIS FILE DIRECTLY.
# yarn lockfile v1


"@jd/conference-page@1.0.11":
  version "1.0.11"
  resolved "http://registry.m.jd.com/@jd/conference-page/download/@jd/conference-page-1.0.11.tgz#6350b8d39d7a6c9eb4c267992f3abd0df6cd5241"
  integrity sha1-Y1C40516bJ60wmeZLzq9DfbNUkE=

"@types/accepts@*":
  version "1.3.6"
  resolved "http://registry.m.jd.com/@types/accepts/download/@types/accepts-1.3.6.tgz#5e33830c8ed7b6025976738c88540df2e85b6d91"
  integrity sha1-XjODDI7XtgJZdnOMiFQN8uhbbZE=
  dependencies:
    "@types/node" "*"

"@types/body-parser@*":
  version "1.19.4"
  resolved "http://registry.m.jd.com/@types/body-parser/download/@types/body-parser-1.19.4.tgz#78ad68f1f79eb851aa3634db0c7f57f6f601b462"
  integrity sha1-eK1o8feeuFGqNjTbDH9X9vYBtGI=
  dependencies:
    "@types/connect" "*"
    "@types/node" "*"

"@types/co-body@^6.1.0":
  version "6.1.0"
  resolved "http://registry.m.jd.com/@types/co-body/download/@types/co-body-6.1.0.tgz#b52625390eb0d113c9b697ea92c3ffae7740cdb9"
  integrity sha1-tSYlOQ6w0RPJtpfqksP/rndAzbk=
  dependencies:
    "@types/node" "*"
    "@types/qs" "*"

"@types/connect@*":
  version "3.4.37"
  resolved "http://registry.m.jd.com/@types/connect/download/@types/connect-3.4.37.tgz#c66a96689fd3127c8772eb3e9e5c6028ec1a9af5"
  integrity sha1-xmqWaJ/TEnyHcus+nlxgKOwamvU=
  dependencies:
    "@types/node" "*"

"@types/content-disposition@*":
  version "0.5.7"
  resolved "http://registry.m.jd.com/@types/content-disposition/download/@types/content-disposition-0.5.7.tgz#3b98d4bf8c80640f93b042511acb5aad18139748"
  integrity sha1-O5jUv4yAZA+TsEJRGstarRgTl0g=

"@types/cookies@*":
  version "0.7.9"
  resolved "http://registry.m.jd.com/@types/cookies/download/@types/cookies-0.7.9.tgz#d03e9af454b8e23718c9bf0d522649a64d5e67cf"
  integrity sha1-0D6a9FS44jcYyb8NUiZJpk1eZ88=
  dependencies:
    "@types/connect" "*"
    "@types/express" "*"
    "@types/keygrip" "*"
    "@types/node" "*"

"@types/express-serve-static-core@^4.17.33":
  version "4.17.39"
  resolved "http://registry.m.jd.com/@types/express-serve-static-core/download/@types/express-serve-static-core-4.17.39.tgz#2107afc0a4b035e6cb00accac3bdf2d76ae408c8"
  integrity sha1-IQevwKSwNebLAKzKw73y12rkCMg=
  dependencies:
    "@types/node" "*"
    "@types/qs" "*"
    "@types/range-parser" "*"
    "@types/send" "*"

"@types/express@*":
  version "4.17.20"
  resolved "http://registry.m.jd.com/@types/express/download/@types/express-4.17.20.tgz#e7c9b40276d29e38a4e3564d7a3d65911e2aa433"
  integrity sha1-58m0AnbSnjik41ZNej1lkR4qpDM=
  dependencies:
    "@types/body-parser" "*"
    "@types/express-serve-static-core" "^4.17.33"
    "@types/qs" "*"
    "@types/serve-static" "*"

"@types/formidable@^2.0.5":
  version "2.0.6"
  resolved "http://registry.m.jd.com/@types/formidable/download/@types/formidable-2.0.6.tgz#811ed3cd8a8a7675e02420b3f861c317e055376a"
  integrity sha1-gR7TzYqKdnXgJCCz+GHDF+BVN2o=
  dependencies:
    "@types/node" "*"

"@types/http-assert@*":
  version "1.5.4"
  resolved "http://registry.m.jd.com/@types/http-assert/download/@types/http-assert-1.5.4.tgz#2ee41bf930d871a76cdbee5c385ccbb3604302e6"
  integrity sha1-LuQb+TDYcads2+5cOFzLs2BDAuY=

"@types/http-errors@*":
  version "2.0.3"
  resolved "http://registry.m.jd.com/@types/http-errors/download/@types/http-errors-2.0.3.tgz#c54e61f79b3947d040f150abd58f71efb422ff62"
  integrity sha1-xU5h95s5R9BA8VCr1Y9x77Qi/2I=

"@types/keygrip@*":
  version "1.0.4"
  resolved "http://registry.m.jd.com/@types/keygrip/download/@types/keygrip-1.0.4.tgz#c4015f09e66633bdea5d26916810001272b1ac6a"
  integrity sha1-xAFfCeZmM73qXSaRaBAAEnKxrGo=

"@types/koa-compose@*":
  version "3.2.7"
  resolved "http://registry.m.jd.com/@types/koa-compose/download/@types/koa-compose-3.2.7.tgz#7bbb084acc58836590eb11d3c2600c0ff695d3dc"
  integrity sha1-e7sISsxYg2WQ6xHTwmAMD/aV09w=
  dependencies:
    "@types/koa" "*"

"@types/koa@*", "@types/koa@^2.13.5":
  version "2.13.10"
  resolved "http://registry.m.jd.com/@types/koa/download/@types/koa-2.13.10.tgz#2c2a1cdf1252d654b05f444194328a3d23a880c4"
  integrity sha1-LCoc3xJS1lSwX0RBlDKKPSOogMQ=
  dependencies:
    "@types/accepts" "*"
    "@types/content-disposition" "*"
    "@types/cookies" "*"
    "@types/http-assert" "*"
    "@types/http-errors" "*"
    "@types/keygrip" "*"
    "@types/koa-compose" "*"
    "@types/node" "*"

"@types/mime@*":
  version "3.0.3"
  resolved "http://registry.m.jd.com/@types/mime/download/@types/mime-3.0.3.tgz#886674659ce55fe7c6c06ec5ca7c0eb276a08f91"
  integrity sha1-iGZ0ZZzlX+fGwG7FynwOsnagj5E=

"@types/mime@^1":
  version "1.3.4"
  resolved "http://registry.m.jd.com/@types/mime/download/@types/mime-1.3.4.tgz#a4ed836e069491414bab92c31fdea9e557aca0d9"
  integrity sha1-pO2DbgaUkUFLq5LDH96p5VesoNk=

"@types/node@*":
  version "20.8.7"
  resolved "http://registry.m.jd.com/@types/node/download/@types/node-20.8.7.tgz#ad23827850843de973096edfc5abc9e922492a25"
  integrity sha1-rSOCeFCEPelzCW7fxavJ6SJJKiU=
  dependencies:
    undici-types "~5.25.1"

"@types/qs@*":
  version "6.9.9"
  resolved "http://registry.m.jd.com/@types/qs/download/@types/qs-6.9.9.tgz#66f7b26288f6799d279edf13da7ccd40d2fa9197"
  integrity sha1-ZveyYoj2eZ0nnt8T2nzNQNL6kZc=

"@types/range-parser@*":
  version "1.2.6"
  resolved "http://registry.m.jd.com/@types/range-parser/download/@types/range-parser-1.2.6.tgz#7cb33992049fd7340d5b10c0098e104184dfcd2a"
  integrity sha1-fLM5kgSf1zQNWxDACY4QQYTfzSo=

"@types/send@*":
  version "0.17.3"
  resolved "http://registry.m.jd.com/@types/send/download/@types/send-0.17.3.tgz#81b2ea5a3a18aad357405af2d643ccbe5a09020b"
  integrity sha1-gbLqWjoYqtNXQFry1kPMvloJAgs=
  dependencies:
    "@types/mime" "^1"
    "@types/node" "*"

"@types/serve-static@*":
  version "1.15.4"
  resolved "http://registry.m.jd.com/@types/serve-static/download/@types/serve-static-1.15.4.tgz#44b5895a68ca637f06c229119e1c774ca88f81b2"
  integrity sha1-RLWJWmjKY38GwikRnhx3TKiPgbI=
  dependencies:
    "@types/http-errors" "*"
    "@types/mime" "*"
    "@types/node" "*"

accepts@^1.3.5:
  version "1.3.8"
  resolved "http://registry.m.jd.com/accepts/download/accepts-1.3.8.tgz#0bf0be125b67014adcb0b0921e62db7bffe16b2e"
  integrity sha1-C/C+EltnAUrcsLCSHmLbe//hay4=
  dependencies:
    mime-types "~2.1.34"
    negotiator "0.6.3"

any-promise@^1.1.0:
  version "1.3.0"
  resolved "http://registry.m.jd.com/any-promise/download/any-promise-1.3.0.tgz#abc6afeedcea52e809cdc0376aed3ce39635d17f"
  integrity sha1-q8av7tzqUugJzcA3au0845Y10X8=

asap@^2.0.0:
  version "2.0.6"
  resolved "http://registry.m.jd.com/asap/download/asap-2.0.6.tgz#e50347611d7e690943208bbdafebcbc2fb866d46"
  integrity sha1-5QNHYR1+aQlDIIu9r+vLwvuGbUY=

asynckit@^0.4.0:
  version "0.4.0"
  resolved "http://registry.m.jd.com/asynckit/download/asynckit-0.4.0.tgz#c79ed97f7f34cb8f2ba1bc9790bcc366474b4b79"
  integrity sha1-x57Zf380y48robyXkLzDZkdLS3k=

axios@^1.5.1:
  version "1.5.1"
  resolved "http://registry.m.jd.com/axios/download/axios-1.5.1.tgz#11fbaa11fc35f431193a9564109c88c1f27b585f"
  integrity sha1-EfuqEfw19DEZOpVkEJyIwfJ7WF8=
  dependencies:
    follow-redirects "^1.15.0"
    form-data "^4.0.0"
    proxy-from-env "^1.1.0"

bytes@3.1.2:
  version "3.1.2"
  resolved "http://registry.m.jd.com/bytes/download/bytes-3.1.2.tgz#8b0beeb98605adf1b128fa4386403c009e0221a5"
  integrity sha1-iwvuuYYFrfGxKPpDhkA8AJ4CIaU=

cache-content-type@^1.0.0:
  version "1.0.1"
  resolved "http://registry.m.jd.com/cache-content-type/download/cache-content-type-1.0.1.tgz#035cde2b08ee2129f4a8315ea8f00a00dba1453c"
  integrity sha1-A1zeKwjuISn0qDFeqPAKANuhRTw=
  dependencies:
    mime-types "^2.1.18"
    ylru "^1.2.0"

call-bind@^1.0.0:
  version "1.0.5"
  resolved "http://registry.m.jd.com/call-bind/download/call-bind-1.0.5.tgz#6fa2b7845ce0ea49bf4d8b9ef64727a2c2e2e513"
  integrity sha1-b6K3hFzg6km/TYue9kcnosLi5RM=
  dependencies:
    function-bind "^1.1.2"
    get-intrinsic "^1.2.1"
    set-function-length "^1.1.1"

co-body@^6.0.0, co-body@^6.1.0:
  version "6.1.0"
  resolved "http://registry.m.jd.com/co-body/download/co-body-6.1.0.tgz#d87a8efc3564f9bfe3aced8ef5cd04c7a8766547"
  integrity sha1-2HqO/DVk+b/jrO2O9c0Ex6h2ZUc=
  dependencies:
    inflation "^2.0.0"
    qs "^6.5.2"
    raw-body "^2.3.3"
    type-is "^1.6.16"

co@^4.6.0:
  version "4.6.0"
  resolved "http://registry.m.jd.com/co/download/co-4.6.0.tgz#6ea6bdf3d853ae54ccb8e47bfa0bf3f9031fb184"
  integrity sha1-bqa989hTrlTMuOR7+gvz+QMfsYQ=

combined-stream@^1.0.8:
  version "1.0.8"
  resolved "http://registry.m.jd.com/combined-stream/download/combined-stream-1.0.8.tgz#c3d45a8b34fd730631a110a8a2520682b31d5a7f"
  integrity sha1-w9RaizT9cwYxoRCoolIGgrMdWn8=
  dependencies:
    delayed-stream "~1.0.0"

content-disposition@~0.5.2:
  version "0.5.4"
  resolved "http://registry.m.jd.com/content-disposition/download/content-disposition-0.5.4.tgz#8b82b4efac82512a02bb0b1dcec9d2c5e8eb5bfe"
  integrity sha1-i4K076yCUSoCuwsdzsnSxejrW/4=
  dependencies:
    safe-buffer "5.2.1"

content-type@^1.0.4:
  version "1.0.5"
  resolved "http://registry.m.jd.com/content-type/download/content-type-1.0.5.tgz#8b773162656d1d1086784c8f23a54ce6d73d7918"
  integrity sha1-i3cxYmVtHRCGeEyPI6VM5tc9eRg=

cookies@~0.8.0:
  version "0.8.0"
  resolved "http://registry.m.jd.com/cookies/download/cookies-0.8.0.tgz#1293ce4b391740a8406e3c9870e828c4b54f3f90"
  integrity sha1-EpPOSzkXQKhAbjyYcOgoxLVPP5A=
  dependencies:
    depd "~2.0.0"
    keygrip "~1.1.0"

copy-to@^2.0.1:
  version "2.0.1"
  resolved "http://registry.m.jd.com/copy-to/download/copy-to-2.0.1.tgz#2680fbb8068a48d08656b6098092bdafc906f4a5"
  integrity sha1-JoD7uAaKSNCGVrYJgJK9r8kG9KU=

debug@^3.1.0:
  version "3.2.7"
  resolved "http://registry.m.jd.com/debug/download/debug-3.2.7.tgz#72580b7e9145fb39b6676f9c5e5fb100b934179a"
  integrity sha1-clgLfpFF+zm2Z2+cXl+xALk0F5o=
  dependencies:
    ms "^2.1.1"

debug@^4.3.2:
  version "4.3.4"
  resolved "http://registry.m.jd.com/debug/download/debug-4.3.4.tgz#1319f6579357f2338d3337d2cdd4914bb5dcc865"
  integrity sha1-Exn2V5NX8jONMzfSzdSRS7XcyGU=
  dependencies:
    ms "2.1.2"

decode-uri-component@^0.4.1:
  version "0.4.1"
  resolved "http://registry.m.jd.com/decode-uri-component/download/decode-uri-component-0.4.1.tgz#2ac4859663c704be22bf7db760a1494a49ab2cc5"
  integrity sha1-KsSFlmPHBL4iv323YKFJSkmrLMU=

deep-equal@~1.0.1:
  version "1.0.1"
  resolved "http://registry.m.jd.com/deep-equal/download/deep-equal-1.0.1.tgz#f5d260292b660e084eff4cdbc9f08ad3247448b5"
  integrity sha1-9dJgKStmDghO/0zbyfCK0yR0SLU=

define-data-property@^1.1.1:
  version "1.1.1"
  resolved "http://registry.m.jd.com/define-data-property/download/define-data-property-1.1.1.tgz#c35f7cd0ab09883480d12ac5cb213715587800b3"
  integrity sha1-w1980KsJiDSA0SrFyyE3FVh4ALM=
  dependencies:
    get-intrinsic "^1.2.1"
    gopd "^1.0.1"
    has-property-descriptors "^1.0.0"

delayed-stream@~1.0.0:
  version "1.0.0"
  resolved "http://registry.m.jd.com/delayed-stream/download/delayed-stream-1.0.0.tgz#df3ae199acadfb7d440aaae0b29e2272b24ec619"
  integrity sha1-3zrhmayt+31ECqrgsp4icrJOxhk=

delegates@^1.0.0:
  version "1.0.0"
  resolved "http://registry.m.jd.com/delegates/download/delegates-1.0.0.tgz#84c6e159b81904fdca59a0ef44cd870d31250f9a"
  integrity sha1-hMbhWbgZBP3KWaDvRM2HDTElD5o=

depd@2.0.0, depd@^2.0.0, depd@~2.0.0:
  version "2.0.0"
  resolved "http://registry.m.jd.com/depd/download/depd-2.0.0.tgz#b696163cc757560d09cf22cc8fad1571b79e76df"
  integrity sha1-tpYWPMdXVg0JzyLMj60Vcbeedt8=

depd@~1.1.2:
  version "1.1.2"
  resolved "http://registry.m.jd.com/depd/download/depd-1.1.2.tgz#9bcd52e14c097763e749b274c4346ed2e560b5a9"
  integrity sha1-m81S4UwJd2PnSbJ0xDRu0uVgtak=

destroy@^1.0.4:
  version "1.2.0"
  resolved "http://registry.m.jd.com/destroy/download/destroy-1.2.0.tgz#4803735509ad8be552934c67df614f94e66fa015"
  integrity sha1-SANzVQmti+VSk0xn32FPlOZvoBU=

dezalgo@^1.0.4:
  version "1.0.4"
  resolved "http://registry.m.jd.com/dezalgo/download/dezalgo-1.0.4.tgz#751235260469084c132157dfa857f386d4c33d81"
  integrity sha1-dRI1JgRpCEwTIVffqFfzhtTDPYE=
  dependencies:
    asap "^2.0.0"
    wrappy "1"

ee-first@1.1.1:
  version "1.1.1"
  resolved "http://registry.m.jd.com/ee-first/download/ee-first-1.1.1.tgz#590c61156b0ae2f4f0255732a158b266bc56b21d"
  integrity sha1-WQxhFWsK4vTwJVcyoViyZrxWsh0=

encodeurl@^1.0.2:
  version "1.0.2"
  resolved "http://registry.m.jd.com/encodeurl/download/encodeurl-1.0.2.tgz#ad3ff4c86ec2d029322f5a02c3a9a606c95b3f59"
  integrity sha1-rT/0yG7C0CkyL1oCw6mmBslbP1k=

escape-html@^1.0.3:
  version "1.0.3"
  resolved "http://registry.m.jd.com/escape-html/download/escape-html-1.0.3.tgz#0258eae4d3d0c0974de1c169188ef0051d1d1988"
  integrity sha1-Aljq5NPQwJdN4cFpGI7wBR0dGYg=

filter-obj@^5.1.0:
  version "5.1.0"
  resolved "http://registry.m.jd.com/filter-obj/download/filter-obj-5.1.0.tgz#5bd89676000a713d7db2e197f660274428e524ed"
  integrity sha1-W9iWdgAKcT19suGX9mAnRCjlJO0=

follow-redirects@^1.15.0:
  version "1.15.3"
  resolved "http://registry.m.jd.com/follow-redirects/download/follow-redirects-1.15.3.tgz#fe2f3ef2690afce7e82ed0b44db08165b207123a"
  integrity sha1-/i8+8mkK/OfoLtC0TbCBZbIHEjo=

form-data@^4.0.0:
  version "4.0.0"
  resolved "http://registry.m.jd.com/form-data/download/form-data-4.0.0.tgz#93919daeaf361ee529584b9b31664dc12c9fa452"
  integrity sha1-k5Gdrq82HuUpWEubMWZNwSyfpFI=
  dependencies:
    asynckit "^0.4.0"
    combined-stream "^1.0.8"
    mime-types "^2.1.12"

formidable@^2.0.1:
  version "2.1.2"
  resolved "http://registry.m.jd.com/formidable/download/formidable-2.1.2.tgz#fa973a2bec150e4ce7cac15589d7a25fc30ebd89"
  integrity sha1-+pc6K+wVDkznysFVideiX8MOvYk=
  dependencies:
    dezalgo "^1.0.4"
    hexoid "^1.0.0"
    once "^1.4.0"
    qs "^6.11.0"

fresh@~0.5.2:
  version "0.5.2"
  resolved "http://registry.m.jd.com/fresh/download/fresh-0.5.2.tgz#3d8cadd90d976569fa835ab1f8e4b23a105605a7"
  integrity sha1-PYyt2Q2XZWn6g1qx+OSyOhBWBac=

function-bind@^1.1.2:
  version "1.1.2"
  resolved "http://registry.m.jd.com/function-bind/download/function-bind-1.1.2.tgz#2c02d864d97f3ea6c8830c464cbd11ab6eab7a1c"
  integrity sha1-LALYZNl/PqbIgwxGTL0Rq26rehw=

get-intrinsic@^1.0.2, get-intrinsic@^1.1.3, get-intrinsic@^1.2.1, get-intrinsic@^1.2.2:
  version "1.2.2"
  resolved "http://registry.m.jd.com/get-intrinsic/download/get-intrinsic-1.2.2.tgz#281b7622971123e1ef4b3c90fd7539306da93f3b"
  integrity sha1-KBt2IpcRI+HvSzyQ/XU5MG2pPzs=
  dependencies:
    function-bind "^1.1.2"
    has-proto "^1.0.1"
    has-symbols "^1.0.3"
    hasown "^2.0.0"

gopd@^1.0.1:
  version "1.0.1"
  resolved "http://registry.m.jd.com/gopd/download/gopd-1.0.1.tgz#29ff76de69dac7489b7c0918a5788e56477c332c"
  integrity sha1-Kf923mnax0ibfAkYpXiOVkd8Myw=
  dependencies:
    get-intrinsic "^1.1.3"

has-property-descriptors@^1.0.0:
  version "1.0.1"
  resolved "http://registry.m.jd.com/has-property-descriptors/download/has-property-descriptors-1.0.1.tgz#52ba30b6c5ec87fd89fa574bc1c39125c6f65340"
  integrity sha1-UrowtsXsh/2J+ldLwcORJcb2U0A=
  dependencies:
    get-intrinsic "^1.2.2"

has-proto@^1.0.1:
  version "1.0.1"
  resolved "http://registry.m.jd.com/has-proto/download/has-proto-1.0.1.tgz#1885c1305538958aff469fef37937c22795408e0"
  integrity sha1-GIXBMFU4lYr/Rp/vN5N8InlUCOA=

has-symbols@^1.0.2, has-symbols@^1.0.3:
  version "1.0.3"
  resolved "http://registry.m.jd.com/has-symbols/download/has-symbols-1.0.3.tgz#bb7b2c4349251dce87b125f7bdf874aa7c8b39f8"
  integrity sha1-u3ssQ0klHc6HsSX3vfh0qnyLOfg=

has-tostringtag@^1.0.0:
  version "1.0.0"
  resolved "http://registry.m.jd.com/has-tostringtag/download/has-tostringtag-1.0.0.tgz#7e133818a7d394734f941e73c3d3f9291e658b25"
  integrity sha1-fhM4GKfTlHNPlB5zw9P5KR5liyU=
  dependencies:
    has-symbols "^1.0.2"

hasown@^2.0.0:
  version "2.0.0"
  resolved "http://registry.m.jd.com/hasown/download/hasown-2.0.0.tgz#f4c513d454a57b7c7e1650778de226b11700546c"
  integrity sha1-9MUT1FSle3x+FlB3jeImsRcAVGw=
  dependencies:
    function-bind "^1.1.2"

hexoid@^1.0.0:
  version "1.0.0"
  resolved "http://registry.m.jd.com/hexoid/download/hexoid-1.0.0.tgz#ad10c6573fb907de23d9ec63a711267d9dc9bc18"
  integrity sha1-rRDGVz+5B94j2exjpxEmfZ3JvBg=

http-assert@^1.3.0:
  version "1.5.0"
  resolved "http://registry.m.jd.com/http-assert/download/http-assert-1.5.0.tgz#c389ccd87ac16ed2dfa6246fd73b926aa00e6b8f"
  integrity sha1-w4nM2HrBbtLfpiRv1zuSaqAOa48=
  dependencies:
    deep-equal "~1.0.1"
    http-errors "~1.8.0"

http-errors@2.0.0, http-errors@^2.0.0:
  version "2.0.0"
  resolved "http://registry.m.jd.com/http-errors/download/http-errors-2.0.0.tgz#b7774a1486ef73cf7667ac9ae0858c012c57b9d3"
  integrity sha1-t3dKFIbvc892Z6ya4IWMASxXudM=
  dependencies:
    depd "2.0.0"
    inherits "2.0.4"
    setprototypeof "1.2.0"
    statuses "2.0.1"
    toidentifier "1.0.1"

http-errors@^1.3.1, http-errors@^1.6.3, http-errors@~1.8.0:
  version "1.8.1"
  resolved "http://registry.m.jd.com/http-errors/download/http-errors-1.8.1.tgz#7c3f28577cbc8a207388455dbd62295ed07bd68c"
  integrity sha1-fD8oV3y8iiBziEVdvWIpXtB71ow=
  dependencies:
    depd "~1.1.2"
    inherits "2.0.4"
    setprototypeof "1.2.0"
    statuses ">= 1.5.0 < 2"
    toidentifier "1.0.1"

iconv-lite@0.4.24:
  version "0.4.24"
  resolved "http://registry.m.jd.com/iconv-lite/download/iconv-lite-0.4.24.tgz#2022b4b25fbddc21d2f524974a474aafe733908b"
  integrity sha1-ICK0sl+93CHS9SSXSkdKr+czkIs=
  dependencies:
    safer-buffer ">= 2.1.2 < 3"

inflation@^2.0.0:
  version "2.1.0"
  resolved "http://registry.m.jd.com/inflation/download/inflation-2.1.0.tgz#9214db11a47e6f756d111c4f9df96971c60f886c"
  integrity sha1-khTbEaR+b3VtERxPnflpccYPiGw=

inherits@2.0.4:
  version "2.0.4"
  resolved "http://registry.m.jd.com/inherits/download/inherits-2.0.4.tgz#0fa2c64f932917c3433a0ded55363aae37416b7c"
  integrity sha1-D6LGT5MpF8NDOg3tVTY6rjdBa3w=

is-generator-function@^1.0.7:
  version "1.0.10"
  resolved "http://registry.m.jd.com/is-generator-function/download/is-generator-function-1.0.10.tgz#f1558baf1ac17e0deea7c0415c438351ff2b3c72"
  integrity sha1-8VWLrxrBfg3up8BBXEODUf8rPHI=
  dependencies:
    has-tostringtag "^1.0.0"

isarray@0.0.1:
  version "0.0.1"
  resolved "http://registry.m.jd.com/isarray/download/isarray-0.0.1.tgz#8a18acfca9a8f4177e09abfc6038939b05d1eedf"
  integrity sha1-ihis/Kmo9Bd+Cav8YDiTmwXR7t8=

keygrip@~1.1.0:
  version "1.1.0"
  resolved "http://registry.m.jd.com/keygrip/download/keygrip-1.1.0.tgz#871b1681d5e159c62a445b0c74b615e0917e7226"
  integrity sha1-hxsWgdXhWcYqRFsMdLYV4JF+ciY=
  dependencies:
    tsscmp "1.0.6"

koa-body@^6.0.1:
  version "6.0.1"
  resolved "http://registry.m.jd.com/koa-body/download/koa-body-6.0.1.tgz#46c490033cceebb2874c53cfbb04c45562cf3c84"
  integrity sha1-RsSQAzzO67KHTFPPuwTEVWLPPIQ=
  dependencies:
    "@types/co-body" "^6.1.0"
    "@types/formidable" "^2.0.5"
    "@types/koa" "^2.13.5"
    co-body "^6.1.0"
    formidable "^2.0.1"
    zod "^3.19.1"

koa-bodyparser@^4.4.1:
  version "4.4.1"
  resolved "http://registry.m.jd.com/koa-bodyparser/download/koa-bodyparser-4.4.1.tgz#a908d848e142cc57d9eece478e932bf00dce3029"
  integrity sha1-qQjYSOFCzFfZ7s5HjpMr8A3OMCk=
  dependencies:
    co-body "^6.0.0"
    copy-to "^2.0.1"
    type-is "^1.6.18"

koa-compose@^3.0.0:
  version "3.2.1"
  resolved "http://registry.m.jd.com/koa-compose/download/koa-compose-3.2.1.tgz#a85ccb40b7d986d8e5a345b3a1ace8eabcf54de7"
  integrity sha1-qFzLQLfZhtjlo0Wzoazo6rz1Tec=
  dependencies:
    any-promise "^1.1.0"

koa-compose@^4.1.0:
  version "4.1.0"
  resolved "http://registry.m.jd.com/koa-compose/download/koa-compose-4.1.0.tgz#507306b9371901db41121c812e923d0d67d3e877"
  integrity sha1-UHMGuTcZAdtBEhyBLpI9DWfT6Hc=

koa-convert@^2.0.0:
  version "2.0.0"
  resolved "http://registry.m.jd.com/koa-convert/download/koa-convert-2.0.0.tgz#86a0c44d81d40551bae22fee6709904573eea4f5"
  integrity sha1-hqDETYHUBVG64i/uZwmQRXPupPU=
  dependencies:
    co "^4.6.0"
    koa-compose "^4.1.0"

koa-router@^12.0.0:
  version "12.0.0"
  resolved "http://registry.m.jd.com/koa-router/download/koa-router-12.0.0.tgz#94276df8c7aef424b86728b0ff4a69de50050dbc"
  integrity sha1-lCdt+Meu9CS4Zyiw/0pp3lAFDbw=
  dependencies:
    http-errors "^2.0.0"
    koa-compose "^4.1.0"
    methods "^1.1.2"
    path-to-regexp "^6.2.1"

koa-router@^7.4.0:
  version "7.4.0"
  resolved "http://registry.m.jd.com/koa-router/download/koa-router-7.4.0.tgz#aee1f7adc02d5cb31d7d67465c9eacc825e8c5e0"
  integrity sha1-ruH3rcAtXLMdfWdGXJ6syCXoxeA=
  dependencies:
    debug "^3.1.0"
    http-errors "^1.3.1"
    koa-compose "^3.0.0"
    methods "^1.0.1"
    path-to-regexp "^1.1.1"
    urijs "^1.19.0"

koa2-response@^2.0.2:
  version "2.0.2"
  resolved "http://registry.m.jd.com/koa2-response/download/koa2-response-2.0.2.tgz#0eb1b8ccdb0bed1130022a0f6d6c532030b6776f"
  integrity sha1-DrG4zNsL7REwAioPbWxTIDC2d28=
  dependencies:
    koa "^2.5.2"
    koa-router "^7.4.0"

koa@^2.14.1, koa@^2.5.2:
  version "2.14.1"
  resolved "http://registry.m.jd.com/koa/download/koa-2.14.1.tgz#defb9589297d8eb1859936e777f3feecfc26925c"
  integrity sha1-3vuViSl9jrGFmTbnd/P+7Pwmklw=
  dependencies:
    accepts "^1.3.5"
    cache-content-type "^1.0.0"
    content-disposition "~0.5.2"
    content-type "^1.0.4"
    cookies "~0.8.0"
    debug "^4.3.2"
    delegates "^1.0.0"
    depd "^2.0.0"
    destroy "^1.0.4"
    encodeurl "^1.0.2"
    escape-html "^1.0.3"
    fresh "~0.5.2"
    http-assert "^1.3.0"
    http-errors "^1.6.3"
    is-generator-function "^1.0.7"
    koa-compose "^4.1.0"
    koa-convert "^2.0.0"
    on-finished "^2.3.0"
    only "~0.0.2"
    parseurl "^1.3.2"
    statuses "^1.5.0"
    type-is "^1.6.16"
    vary "^1.1.2"

lodash-es@^4.17.21:
  version "4.17.21"
  resolved "http://registry.m.jd.com/lodash-es/download/lodash-es-4.17.21.tgz#43e626c46e6591b7750beb2b50117390c609e3ee"
  integrity sha1-Q+YmxG5lkbd1C+srUBFzkMYJ4+4=

media-typer@0.3.0:
  version "0.3.0"
  resolved "http://registry.m.jd.com/media-typer/download/media-typer-0.3.0.tgz#8710d7af0aa626f8fffa1ce00168545263255748"
  integrity sha1-hxDXrwqmJvj/+hzgAWhUUmMlV0g=

methods@^1.0.1, methods@^1.1.2:
  version "1.1.2"
  resolved "http://registry.m.jd.com/methods/download/methods-1.1.2.tgz#5529a4d67654134edcc5266656835b0f851afcee"
  integrity sha1-VSmk1nZUE07cxSZmVoNbD4Ua/O4=

mime-db@1.52.0:
  version "1.52.0"
  resolved "http://registry.m.jd.com/mime-db/download/mime-db-1.52.0.tgz#bbabcdc02859f4987301c856e3387ce5ec43bf70"
  integrity sha1-u6vNwChZ9JhzAchW4zh85exDv3A=

mime-types@^2.1.12, mime-types@^2.1.18, mime-types@~2.1.24, mime-types@~2.1.34:
  version "2.1.35"
  resolved "http://registry.m.jd.com/mime-types/download/mime-types-2.1.35.tgz#381a871b62a734450660ae3deee44813f70d959a"
  integrity sha1-OBqHG2KnNEUGYK497uRIE/cNlZo=
  dependencies:
    mime-db "1.52.0"

ms@2.1.2:
  version "2.1.2"
  resolved "http://registry.m.jd.com/ms/download/ms-2.1.2.tgz#d09d1f357b443f493382a8eb3ccd183872ae6009"
  integrity sha1-0J0fNXtEP0kzgqjrPM0YOHKuYAk=

ms@^2.1.1:
  version "2.1.3"
  resolved "http://registry.m.jd.com/ms/download/ms-2.1.3.tgz#574c8138ce1d2b5861f0b44579dbadd60c6615b2"
  integrity sha1-V0yBOM4dK1hh8LRFedut1gxmFbI=

negotiator@0.6.3:
  version "0.6.3"
  resolved "http://registry.m.jd.com/negotiator/download/negotiator-0.6.3.tgz#58e323a72fedc0d6f9cd4d31fe49f51479590ccd"
  integrity sha1-WOMjpy/twNb5zU0x/kn1FHlZDM0=

object-inspect@^1.9.0:
  version "1.13.1"
  resolved "http://registry.m.jd.com/object-inspect/download/object-inspect-1.13.1.tgz#b96c6109324ccfef6b12216a956ca4dc2ff94bc2"
  integrity sha1-uWxhCTJMz+9rEiFqlWyk3C/5S8I=

on-finished@^2.3.0:
  version "2.4.1"
  resolved "http://registry.m.jd.com/on-finished/download/on-finished-2.4.1.tgz#58c8c44116e54845ad57f14ab10b03533184ac3f"
  integrity sha1-WMjEQRblSEWtV/FKsQsDUzGErD8=
  dependencies:
    ee-first "1.1.1"

once@^1.4.0:
  version "1.4.0"
  resolved "http://registry.m.jd.com/once/download/once-1.4.0.tgz#583b1aa775961d4b113ac17d9c50baef9dd76bd1"
  integrity sha1-WDsap3WWHUsROsF9nFC6753Xa9E=
  dependencies:
    wrappy "1"

only@~0.0.2:
  version "0.0.2"
  resolved "http://registry.m.jd.com/only/download/only-0.0.2.tgz#2afde84d03e50b9a8edc444e30610a70295edfb4"
  integrity sha1-Kv3oTQPlC5qO3EROMGEKcCle37Q=

parseurl@^1.3.2:
  version "1.3.3"
  resolved "http://registry.m.jd.com/parseurl/download/parseurl-1.3.3.tgz#9da19e7bee8d12dff0513ed5b76957793bc2e8d4"
  integrity sha1-naGee+6NEt/wUT7Vt2lXeTvC6NQ=

path-to-regexp@^1.1.1:
  version "1.8.0"
  resolved "http://registry.m.jd.com/path-to-regexp/download/path-to-regexp-1.8.0.tgz#887b3ba9d84393e87a0a0b9f4cb756198b53548a"
  integrity sha1-iHs7qdhDk+h6CgufTLdWGYtTVIo=
  dependencies:
    isarray "0.0.1"

path-to-regexp@^6.2.1:
  version "6.2.1"
  resolved "http://registry.m.jd.com/path-to-regexp/download/path-to-regexp-6.2.1.tgz#d54934d6798eb9e5ef14e7af7962c945906918e5"
  integrity sha1-1Uk01nmOueXvFOeveWLJRZBpGOU=

proxy-from-env@^1.1.0:
  version "1.1.0"
  resolved "http://registry.m.jd.com/proxy-from-env/download/proxy-from-env-1.1.0.tgz#e102f16ca355424865755d2c9e8ea4f24d58c3e2"
  integrity sha1-4QLxbKNVQkhldV0sno6k8k1Yw+I=

qs@^6.11.0, qs@^6.5.2:
  version "6.11.2"
  resolved "http://registry.m.jd.com/qs/download/qs-6.11.2.tgz#64bea51f12c1f5da1bc01496f48ffcff7c69d7d9"
  integrity sha1-ZL6lHxLB9dobwBSW9I/8/3xp19k=
  dependencies:
    side-channel "^1.0.4"

query-string@^8.1.0:
  version "8.1.0"
  resolved "http://registry.m.jd.com/query-string/download/query-string-8.1.0.tgz#e7f95367737219544cd360a11a4f4ca03836e115"
  integrity sha1-5/lTZ3NyGVRM02ChGk9MoDg24RU=
  dependencies:
    decode-uri-component "^0.4.1"
    filter-obj "^5.1.0"
    split-on-first "^3.0.0"

raw-body@^2.3.3:
  version "2.5.2"
  resolved "http://registry.m.jd.com/raw-body/download/raw-body-2.5.2.tgz#99febd83b90e08975087e8f1f9419a149366b68a"
  integrity sha1-mf69g7kOCJdQh+jx+UGaFJNmtoo=
  dependencies:
    bytes "3.1.2"
    http-errors "2.0.0"
    iconv-lite "0.4.24"
    unpipe "1.0.0"

safe-buffer@5.2.1:
  version "5.2.1"
  resolved "http://registry.m.jd.com/safe-buffer/download/safe-buffer-5.2.1.tgz#1eaf9fa9bdb1fdd4ec75f58f9cdb4e6b7827eec6"
  integrity sha1-Hq+fqb2x/dTsdfWPnNtOa3gn7sY=

"safer-buffer@>= 2.1.2 < 3":
  version "2.1.2"
  resolved "http://registry.m.jd.com/safer-buffer/download/safer-buffer-2.1.2.tgz#44fa161b0187b9549dd84bb91802f9bd8385cd6a"
  integrity sha1-RPoWGwGHuVSd2Eu5GAL5vYOFzWo=

set-function-length@^1.1.1:
  version "1.1.1"
  resolved "http://registry.m.jd.com/set-function-length/download/set-function-length-1.1.1.tgz#4bc39fafb0307224a33e106a7d35ca1218d659ed"
  integrity sha1-S8Ofr7AwciSjPhBqfTXKEhjWWe0=
  dependencies:
    define-data-property "^1.1.1"
    get-intrinsic "^1.2.1"
    gopd "^1.0.1"
    has-property-descriptors "^1.0.0"

setprototypeof@1.2.0:
  version "1.2.0"
  resolved "http://registry.m.jd.com/setprototypeof/download/setprototypeof-1.2.0.tgz#66c9a24a73f9fc28cbe66b09fed3d33dcaf1b424"
  integrity sha1-ZsmiSnP5/CjL5msJ/tPTPcrxtCQ=

side-channel@^1.0.4:
  version "1.0.4"
  resolved "http://registry.m.jd.com/side-channel/download/side-channel-1.0.4.tgz#efce5c8fdc104ee751b25c58d4290011fa5ea2cf"
  integrity sha1-785cj9wQTudRslxY1CkAEfpeos8=
  dependencies:
    call-bind "^1.0.0"
    get-intrinsic "^1.0.2"
    object-inspect "^1.9.0"

split-on-first@^3.0.0:
  version "3.0.0"
  resolved "http://registry.m.jd.com/split-on-first/download/split-on-first-3.0.0.tgz#f04959c9ea8101b9b0bbf35a61b9ebea784a23e7"
  integrity sha1-8ElZyeqBAbmwu/NaYbnr6nhKI+c=

statuses@2.0.1:
  version "2.0.1"
  resolved "http://registry.m.jd.com/statuses/download/statuses-2.0.1.tgz#55cb000ccf1d48728bd23c685a063998cf1a1b63"
  integrity sha1-VcsADM8dSHKL0jxoWgY5mM8aG2M=

"statuses@>= 1.5.0 < 2", statuses@^1.5.0:
  version "1.5.0"
  resolved "http://registry.m.jd.com/statuses/download/statuses-1.5.0.tgz#161c7dac177659fd9811f43771fa99381478628c"
  integrity sha1-Fhx9rBd2Wf2YEfQ3cfqZOBR4Yow=

toidentifier@1.0.1:
  version "1.0.1"
  resolved "http://registry.m.jd.com/toidentifier/download/toidentifier-1.0.1.tgz#3be34321a88a820ed1bd80dfaa33e479fbb8dd35"
  integrity sha1-O+NDIaiKgg7RvYDfqjPkefu43TU=

tsscmp@1.0.6:
  version "1.0.6"
  resolved "http://registry.m.jd.com/tsscmp/download/tsscmp-1.0.6.tgz#85b99583ac3589ec4bfef825b5000aa911d605eb"
  integrity sha1-hbmVg6w1iexL/vgltQAKqRHWBes=

type-is@^1.6.16, type-is@^1.6.18:
  version "1.6.18"
  resolved "http://registry.m.jd.com/type-is/download/type-is-1.6.18.tgz#4e552cd05df09467dcbc4ef739de89f2cf37c131"
  integrity sha1-TlUs0F3wlGfcvE73Od6J8s83wTE=
  dependencies:
    media-typer "0.3.0"
    mime-types "~2.1.24"

undici-types@~5.25.1:
  version "5.25.3"
  resolved "http://registry.m.jd.com/undici-types/download/undici-types-5.25.3.tgz#e044115914c85f0bcbb229f346ab739f064998c3"
  integrity sha1-4EQRWRTIXwvLsinzRqtznwZJmMM=

unpipe@1.0.0:
  version "1.0.0"
  resolved "http://registry.m.jd.com/unpipe/download/unpipe-1.0.0.tgz#b2bf4ee8514aae6165b4817829d21b2ef49904ec"
  integrity sha1-sr9O6FFKrmFltIF4KdIbLvSZBOw=

urijs@^1.19.0:
  version "1.19.11"
  resolved "http://registry.m.jd.com/urijs/download/urijs-1.19.11.tgz#204b0d6b605ae80bea54bea39280cdb7c9f923cc"
  integrity sha1-IEsNa2Ba6AvqVL6jkoDNt8n5I8w=

uuid@^9.0.1:
  version "9.0.1"
  resolved "http://registry.m.jd.com/uuid/download/uuid-9.0.1.tgz#e188d4c8853cc722220392c424cd637f32293f30"
  integrity sha1-4YjUyIU8xyIiA5LEJM1jfzIpPzA=

vary@^1.1.2:
  version "1.1.2"
  resolved "http://registry.m.jd.com/vary/download/vary-1.1.2.tgz#2299f02c6ded30d4a5961b0b9f74524a18f634fc"
  integrity sha1-IpnwLG3tMNSllhsLn3RSShj2NPw=

wrappy@1:
  version "1.0.2"
  resolved "http://registry.m.jd.com/wrappy/download/wrappy-1.0.2.tgz#b5243d8f3ec1aa35f1364605bc0d1036e30ab69f"
  integrity sha1-tSQ9jz7BqjXxNkYFvA0QNuMKtp8=

ylru@^1.2.0:
  version "1.3.2"
  resolved "http://registry.m.jd.com/ylru/download/ylru-1.3.2.tgz#0de48017473275a4cbdfc83a1eaf67c01af8a785"
  integrity sha1-DeSAF0cydaTL38g6Hq9nwBr4p4U=

zod@^3.19.1:
  version "3.22.4"
  resolved "http://registry.m.jd.com/zod/download/zod-3.22.4.tgz#f31c3a9386f61b1f228af56faa9255e845cf3fff"
  integrity sha1-8xw6k4b2Gx8iivVvqpJV6EXPP/8=
